<?xml version="1.0" encoding="utf-8"?>
<Project ToolsVersion="4.0" xmlns="http://schemas.microsoft.com/developer/msbuild/2003">
  <ItemGroup>
    <Filter Include="Common">
      <UniqueIdentifier>{de3afd8c-3f03-49af-9b24-d6c6c67c4fab}</UniqueIdentifier>
    </Filter>
    <Filter Include="Parser">
      <UniqueIdentifier>{e3db6558-7d48-453e-b1e6-c4cad6208d94}</UniqueIdentifier>
    </Filter>
    <Filter Include="Codegen">
      <UniqueIdentifier>{906c7645-8c88-470c-a8b1-3a8643329ebd}</UniqueIdentifier>
    </Filter>
  </ItemGroup>
  <ItemGroup>
    <ClCompile Include="utils.cpp">
      <Filter>Common</Filter>
    </ClCompile>
    <ClCompile Include="lexer.cpp">
      <Filter>Parser</Filter>
    </ClCompile>
    <ClCompile Include="parser.cpp">
      <Filter>Parser</Filter>
    </ClCompile>
    <ClCompile Include="operator_database.cpp">
      <Filter>Codegen</Filter>
    </ClCompile>
    <ClCompile Include="main.cpp" />
    <ClCompile Include="stdafx.cpp">
      <Filter>Common</Filter>
    </ClCompile>
    <ClCompile Include="code_gen_implementation.cpp">
      <Filter>Codegen</Filter>
    </ClCompile>
    <ClCompile Include="code_gen.cpp">
      <Filter>Codegen</Filter>
    </ClCompile>
  </ItemGroup>
  <ItemGroup>
    <ClInclude Include="ast_expression.h">
      <Filter>Common</Filter>
    </ClInclude>
    <ClInclude Include="ast_flow_control.h">
      <Filter>Common</Filter>
    </ClInclude>
    <ClInclude Include="ast_structure.h">
      <Filter>Common</Filter>
    </ClInclude>
    <ClInclude Include="potato_common.h">
      <Filter>Common</Filter>
    </ClInclude>
    <ClInclude Include="utils.h">
      <Filter>Common</Filter>
    </ClInclude>
    <ClInclude Include="stdafx.h">
      <Filter>Common</Filter>
    </ClInclude>
    <ClInclude Include="parser.h">
      <Filter>Parser</Filter>
    </ClInclude>
    <ClInclude Include="lexer.h">
      <Filter>Parser</Filter>
    </ClInclude>
    <ClInclude Include="operator_database.h">
      <Filter>Codegen</Filter>
    </ClInclude>
    <ClInclude Include="context.h">
      <Filter>Codegen</Filter>
    </ClInclude>
  </ItemGroup>
  <ItemGroup>
    <Text Include="TestCode.txt" />
    <Text Include="Features.txt" />
  </ItemGroup>
</Project>